
Microsoft Visual Studio Solution File, Format Version 12.00
# Visual Studio Version 17
VisualStudioVersion = 17.2.32616.157
MinimumVisualStudioVersion = 10.0.40219.1
Project("{FAE04EC0-301F-11D3-BF4B-00C04F79EFBC}") = "ComparacionesDeTexto", "ComparacionesDeTexto\ComparacionesDeTexto.csproj", "{9319FB87-B94F-41E0-8ADC-6C9284D1A45D}"
EndProject
Global
	GlobalSection(SolutionConfigurationPlatforms) = preSolution
		Debug|Any CPU = Debug|Any CPU
		Release|Any CPU = Release|Any CPU
	EndGlobalSection
	GlobalSection(ProjectConfigurationPlatforms) = postSolution
		{9319FB87-B94F-41E0-8ADC-6C9284D1A45D}.Debug|Any CPU.ActiveCfg = Debug|Any CPU
		{9319FB87-B94F-41E0-8ADC-6C9284D1A45D}.Debug|Any CPU.Build.0 = Debug|Any CPU
		{9319FB87-B94F-41E0-8ADC-6C9284D1A45D}.Release|Any CPU.ActiveCfg = Release|Any CPU
		{9319FB87-B94F-41E0-8ADC-6C9284D1A45D}.Release|Any CPU.Build.0 = Release|Any CPU
	EndGlobalSection
	GlobalSection(SolutionProperties) = preSolution
		HideSolutionNode = FALSE
	EndGlobalSection
	GlobalSection(ExtensibilityGlobals) = postSolution
		SolutionGuid = {40061CBD-87D8-44A9-B477-28F540F6D5AD}
	EndGlobalSection
EndGlobal
